
Microsoft Visual Studio Solution File, Format Version 12.00
# Visual Studio Version 17
VisualStudioVersion = 17.13.35931.197
MinimumVisualStudioVersion = 10.0.40219.1
Project("{FAE04EC0-301F-11D3-BF4B-00C04F79EFBC}") = "OM.FlagExplorer.RestApi", "OM.FlagExplorer.RestApi\OM.FlagExplorer.RestApi.csproj", "{54C44D5B-7B71-41B2-81E5-AC455B0E3B56}"
EndProject
Project("{FAE04EC0-301F-11D3-BF4B-00C04F79EFBC}") = "OM.FlagExplorer.Services.Api", "OM.FlagExplorer.Services.Api\OM.FlagExplorer.Services.Api.csproj", "{8DE0D798-F00A-4B3F-A588-BD1AF2FD7C7D}"
EndProject
Project("{FAE04EC0-301F-11D3-BF4B-00C04F79EFBC}") = "OM.FlagExplorer.Services", "OM.FlagExplorer.Services\OM.FlagExplorer.Services.csproj", "{D92A3424-ACAF-4828-A2F2-E96A3A4184F0}"
EndProject
Project("{FAE04EC0-301F-11D3-BF4B-00C04F79EFBC}") = "OM.FlagExplorer.Data", "OM.FlagExplorer.Data\OM.FlagExplorer.Data.csproj", "{99382BEF-267D-4C77-B0AF-BAD745196F97}"
EndProject
Project("{FAE04EC0-301F-11D3-BF4B-00C04F79EFBC}") = "OM.FlagExplorer.Tests", "OM.FlagExplorer.Tests\OM.FlagExplorer.Tests.csproj", "{5831F590-062D-453F-B64D-13A089424D7F}"
EndProject
Global
	GlobalSection(SolutionConfigurationPlatforms) = preSolution
		Debug|Any CPU = Debug|Any CPU
		Release|Any CPU = Release|Any CPU
	EndGlobalSection
	GlobalSection(ProjectConfigurationPlatforms) = postSolution
		{54C44D5B-7B71-41B2-81E5-AC455B0E3B56}.Debug|Any CPU.ActiveCfg = Debug|Any CPU
		{54C44D5B-7B71-41B2-81E5-AC455B0E3B56}.Debug|Any CPU.Build.0 = Debug|Any CPU
		{54C44D5B-7B71-41B2-81E5-AC455B0E3B56}.Release|Any CPU.ActiveCfg = Release|Any CPU
		{54C44D5B-7B71-41B2-81E5-AC455B0E3B56}.Release|Any CPU.Build.0 = Release|Any CPU
		{8DE0D798-F00A-4B3F-A588-BD1AF2FD7C7D}.Debug|Any CPU.ActiveCfg = Debug|Any CPU
		{8DE0D798-F00A-4B3F-A588-BD1AF2FD7C7D}.Debug|Any CPU.Build.0 = Debug|Any CPU
		{8DE0D798-F00A-4B3F-A588-BD1AF2FD7C7D}.Release|Any CPU.ActiveCfg = Release|Any CPU
		{8DE0D798-F00A-4B3F-A588-BD1AF2FD7C7D}.Release|Any CPU.Build.0 = Release|Any CPU
		{D92A3424-ACAF-4828-A2F2-E96A3A4184F0}.Debug|Any CPU.ActiveCfg = Debug|Any CPU
		{D92A3424-ACAF-4828-A2F2-E96A3A4184F0}.Debug|Any CPU.Build.0 = Debug|Any CPU
		{D92A3424-ACAF-4828-A2F2-E96A3A4184F0}.Release|Any CPU.ActiveCfg = Release|Any CPU
		{D92A3424-ACAF-4828-A2F2-E96A3A4184F0}.Release|Any CPU.Build.0 = Release|Any CPU
		{99382BEF-267D-4C77-B0AF-BAD745196F97}.Debug|Any CPU.ActiveCfg = Debug|Any CPU
		{99382BEF-267D-4C77-B0AF-BAD745196F97}.Debug|Any CPU.Build.0 = Debug|Any CPU
		{99382BEF-267D-4C77-B0AF-BAD745196F97}.Release|Any CPU.ActiveCfg = Release|Any CPU
		{99382BEF-267D-4C77-B0AF-BAD745196F97}.Release|Any CPU.Build.0 = Release|Any CPU
		{5831F590-062D-453F-B64D-13A089424D7F}.Debug|Any CPU.ActiveCfg = Debug|Any CPU
		{5831F590-062D-453F-B64D-13A089424D7F}.Debug|Any CPU.Build.0 = Debug|Any CPU
		{5831F590-062D-453F-B64D-13A089424D7F}.Release|Any CPU.ActiveCfg = Release|Any CPU
		{5831F590-062D-453F-B64D-13A089424D7F}.Release|Any CPU.Build.0 = Release|Any CPU
	EndGlobalSection
	GlobalSection(SolutionProperties) = preSolution
		HideSolutionNode = FALSE
	EndGlobalSection
	GlobalSection(ExtensibilityGlobals) = postSolution
		SolutionGuid = {BEAEAAAC-FA40-48C8-A1A1-5460673636D4}
	EndGlobalSection
EndGlobal
